
Microsoft Visual Studio Solution File, Format Version 12.00
# Visual Studio 15
VisualStudioVersion = 15.0.28307.572
MinimumVisualStudioVersion = 10.0.40219.1
Project("{FAE04EC0-301F-11D3-BF4B-00C04F79EFBC}") = "ProveedorDemo.Android", "ProveedorDemo\ProveedorDemo.Android\ProveedorDemo.Android.csproj", "{0E44DC5B-674F-4406-92AB-DE4BE0DE7D45}"
EndProject
Project("{FAE04EC0-301F-11D3-BF4B-00C04F79EFBC}") = "ProveedorDemo.iOS", "ProveedorDemo\ProveedorDemo.iOS\ProveedorDemo.iOS.csproj", "{E295F174-643C-42B2-96E4-480356C69B58}"
EndProject
Project("{9A19103F-16F7-4668-BE54-9A1E7A4F7556}") = "ProveedorDemo", "ProveedorDemo\ProveedorDemo\ProveedorDemo.csproj", "{55D7A7EC-ADCD-44ED-8C55-6E6203200C83}"
EndProject
Project("{FAE04EC0-301F-11D3-BF4B-00C04F79EFBC}") = "API", "API\API.csproj", "{811E63EC-E18E-4A10-A694-90F2BE6B1B22}"
EndProject
Global
	GlobalSection(SolutionConfigurationPlatforms) = preSolution
		Ad-Hoc|Any CPU = Ad-Hoc|Any CPU
		Ad-Hoc|iPhone = Ad-Hoc|iPhone
		Ad-Hoc|iPhoneSimulator = Ad-Hoc|iPhoneSimulator
		AppStore|Any CPU = AppStore|Any CPU
		AppStore|iPhone = AppStore|iPhone
		AppStore|iPhoneSimulator = AppStore|iPhoneSimulator
		Debug|Any CPU = Debug|Any CPU
		Debug|iPhone = Debug|iPhone
		Debug|iPhoneSimulator = Debug|iPhoneSimulator
		Release|Any CPU = Release|Any CPU
		Release|iPhone = Release|iPhone
		Release|iPhoneSimulator = Release|iPhoneSimulator
	EndGlobalSection
	GlobalSection(ProjectConfigurationPlatforms) = postSolution
		{0E44DC5B-674F-4406-92AB-DE4BE0DE7D45}.Ad-Hoc|Any CPU.ActiveCfg = Release|Any CPU
		{0E44DC5B-674F-4406-92AB-DE4BE0DE7D45}.Ad-Hoc|Any CPU.Build.0 = Release|Any CPU
		{0E44DC5B-674F-4406-92AB-DE4BE0DE7D45}.Ad-Hoc|Any CPU.Deploy.0 = Release|Any CPU
		{0E44DC5B-674F-4406-92AB-DE4BE0DE7D45}.Ad-Hoc|iPhone.ActiveCfg = Release|Any CPU
		{0E44DC5B-674F-4406-92AB-DE4BE0DE7D45}.Ad-Hoc|iPhone.Build.0 = Release|Any CPU
		{0E44DC5B-674F-4406-92AB-DE4BE0DE7D45}.Ad-Hoc|iPhone.Deploy.0 = Release|Any CPU
		{0E44DC5B-674F-4406-92AB-DE4BE0DE7D45}.Ad-Hoc|iPhoneSimulator.ActiveCfg = Release|Any CPU
		{0E44DC5B-674F-4406-92AB-DE4BE0DE7D45}.Ad-Hoc|iPhoneSimulator.Build.0 = Release|Any CPU
		{0E44DC5B-674F-4406-92AB-DE4BE0DE7D45}.Ad-Hoc|iPhoneSimulator.Deploy.0 = Release|Any CPU
		{0E44DC5B-674F-4406-92AB-DE4BE0DE7D45}.AppStore|Any CPU.ActiveCfg = Release|Any CPU
		{0E44DC5B-674F-4406-92AB-DE4BE0DE7D45}.AppStore|Any CPU.Build.0 = Release|Any CPU
		{0E44DC5B-674F-4406-92AB-DE4BE0DE7D45}.AppStore|Any CPU.Deploy.0 = Release|Any CPU
		{0E44DC5B-674F-4406-92AB-DE4BE0DE7D45}.AppStore|iPhone.ActiveCfg = Release|Any CPU
		{0E44DC5B-674F-4406-92AB-DE4BE0DE7D45}.AppStore|iPhone.Build.0 = Release|Any CPU
		{0E44DC5B-674F-4406-92AB-DE4BE0DE7D45}.AppStore|iPhone.Deploy.0 = Release|Any CPU
		{0E44DC5B-674F-4406-92AB-DE4BE0DE7D45}.AppStore|iPhoneSimulator.ActiveCfg = Release|Any CPU
		{0E44DC5B-674F-4406-92AB-DE4BE0DE7D45}.AppStore|iPhoneSimulator.Build.0 = Release|Any CPU
		{0E44DC5B-674F-4406-92AB-DE4BE0DE7D45}.AppStore|iPhoneSimulator.Deploy.0 = Release|Any CPU
		{0E44DC5B-674F-4406-92AB-DE4BE0DE7D45}.Debug|Any CPU.ActiveCfg = Debug|Any CPU
		{0E44DC5B-674F-4406-92AB-DE4BE0DE7D45}.Debug|Any CPU.Build.0 = Debug|Any CPU
		{0E44DC5B-674F-4406-92AB-DE4BE0DE7D45}.Debug|Any CPU.Deploy.0 = Debug|Any CPU
		{0E44DC5B-674F-4406-92AB-DE4BE0DE7D45}.Debug|iPhone.ActiveCfg = Debug|Any CPU
		{0E44DC5B-674F-4406-92AB-DE4BE0DE7D45}.Debug|iPhone.Build.0 = Debug|Any CPU
		{0E44DC5B-674F-4406-92AB-DE4BE0DE7D45}.Debug|iPhone.Deploy.0 = Debug|Any CPU
		{0E44DC5B-674F-4406-92AB-DE4BE0DE7D45}.Debug|iPhoneSimulator.ActiveCfg = Debug|Any CPU
		{0E44DC5B-674F-4406-92AB-DE4BE0DE7D45}.Debug|iPhoneSimulator.Build.0 = Debug|Any CPU
		{0E44DC5B-674F-4406-92AB-DE4BE0DE7D45}.Debug|iPhoneSimulator.Deploy.0 = Debug|Any CPU
		{0E44DC5B-674F-4406-92AB-DE4BE0DE7D45}.Release|Any CPU.ActiveCfg = Release|Any CPU
		{0E44DC5B-674F-4406-92AB-DE4BE0DE7D45}.Release|Any CPU.Build.0 = Release|Any CPU
		{0E44DC5B-674F-4406-92AB-DE4BE0DE7D45}.Release|Any CPU.Deploy.0 = Release|Any CPU
		{0E44DC5B-674F-4406-92AB-DE4BE0DE7D45}.Release|iPhone.ActiveCfg = Release|Any CPU
		{0E44DC5B-674F-4406-92AB-DE4BE0DE7D45}.Release|iPhone.Build.0 = Release|Any CPU
		{0E44DC5B-674F-4406-92AB-DE4BE0DE7D45}.Release|iPhone.Deploy.0 = Release|Any CPU
		{0E44DC5B-674F-4406-92AB-DE4BE0DE7D45}.Release|iPhoneSimulator.ActiveCfg = Release|Any CPU
		{0E44DC5B-674F-4406-92AB-DE4BE0DE7D45}.Release|iPhoneSimulator.Build.0 = Release|Any CPU
		{0E44DC5B-674F-4406-92AB-DE4BE0DE7D45}.Release|iPhoneSimulator.Deploy.0 = Release|Any CPU
		{E295F174-643C-42B2-96E4-480356C69B58}.Ad-Hoc|Any CPU.ActiveCfg = Ad-Hoc|iPhone
		{E295F174-643C-42B2-96E4-480356C69B58}.Ad-Hoc|Any CPU.Build.0 = Ad-Hoc|iPhone
		{E295F174-643C-42B2-96E4-480356C69B58}.Ad-Hoc|Any CPU.Deploy.0 = Ad-Hoc|iPhone
		{E295F174-643C-42B2-96E4-480356C69B58}.Ad-Hoc|iPhone.ActiveCfg = Ad-Hoc|iPhone
		{E295F174-643C-42B2-96E4-480356C69B58}.Ad-Hoc|iPhone.Build.0 = Ad-Hoc|iPhone
		{E295F174-643C-42B2-96E4-480356C69B58}.Ad-Hoc|iPhone.Deploy.0 = Ad-Hoc|iPhone
		{E295F174-643C-42B2-96E4-480356C69B58}.Ad-Hoc|iPhoneSimulator.ActiveCfg = Ad-Hoc|iPhoneSimulator
		{E295F174-643C-42B2-96E4-480356C69B58}.Ad-Hoc|iPhoneSimulator.Build.0 = Ad-Hoc|iPhoneSimulator
		{E295F174-643C-42B2-96E4-480356C69B58}.Ad-Hoc|iPhoneSimulator.Deploy.0 = Ad-Hoc|iPhoneSimulator
		{E295F174-643C-42B2-96E4-480356C69B58}.AppStore|Any CPU.ActiveCfg = AppStore|iPhone
		{E295F174-643C-42B2-96E4-480356C69B58}.AppStore|Any CPU.Build.0 = AppStore|iPhone
		{E295F174-643C-42B2-96E4-480356C69B58}.AppStore|Any CPU.Deploy.0 = AppStore|iPhone
		{E295F174-643C-42B2-96E4-480356C69B58}.AppStore|iPhone.ActiveCfg = AppStore|iPhone
		{E295F174-643C-42B2-96E4-480356C69B58}.AppStore|iPhone.Build.0 = AppStore|iPhone
		{E295F174-643C-42B2-96E4-480356C69B58}.AppStore|iPhone.Deploy.0 = AppStore|iPhone
		{E295F174-643C-42B2-96E4-480356C69B58}.AppStore|iPhoneSimulator.ActiveCfg = AppStore|iPhoneSimulator
		{E295F174-643C-42B2-96E4-480356C69B58}.AppStore|iPhoneSimulator.Build.0 = AppStore|iPhoneSimulator
		{E295F174-643C-42B2-96E4-480356C69B58}.AppStore|iPhoneSimulator.Deploy.0 = AppStore|iPhoneSimulator
		{E295F174-643C-42B2-96E4-480356C69B58}.Debug|Any CPU.ActiveCfg = Debug|iPhoneSimulator
		{E295F174-643C-42B2-96E4-480356C69B58}.Debug|Any CPU.Build.0 = Debug|iPhoneSimulator
		{E295F174-643C-42B2-96E4-480356C69B58}.Debug|Any CPU.Deploy.0 = Debug|iPhoneSimulator
		{E295F174-643C-42B2-96E4-480356C69B58}.Debug|iPhone.ActiveCfg = Debug|iPhone
		{E295F174-643C-42B2-96E4-480356C69B58}.Debug|iPhone.Build.0 = Debug|iPhone
		{E295F174-643C-42B2-96E4-480356C69B58}.Debug|iPhone.Deploy.0 = Debug|iPhone
		{E295F174-643C-42B2-96E4-480356C69B58}.Debug|iPhoneSimulator.ActiveCfg = Debug|iPhoneSimulator
		{E295F174-643C-42B2-96E4-480356C69B58}.Debug|iPhoneSimulator.Build.0 = Debug|iPhoneSimulator
		{E295F174-643C-42B2-96E4-480356C69B58}.Debug|iPhoneSimulator.Deploy.0 = Debug|iPhoneSimulator
		{E295F174-643C-42B2-96E4-480356C69B58}.Release|Any CPU.ActiveCfg = Release|iPhone
		{E295F174-643C-42B2-96E4-480356C69B58}.Release|Any CPU.Build.0 = Release|iPhone
		{E295F174-643C-42B2-96E4-480356C69B58}.Release|Any CPU.Deploy.0 = Release|iPhone
		{E295F174-643C-42B2-96E4-480356C69B58}.Release|iPhone.ActiveCfg = Release|iPhone
		{E295F174-643C-42B2-96E4-480356C69B58}.Release|iPhone.Build.0 = Release|iPhone
		{E295F174-643C-42B2-96E4-480356C69B58}.Release|iPhone.Deploy.0 = Release|iPhone
		{E295F174-643C-42B2-96E4-480356C69B58}.Release|iPhoneSimulator.ActiveCfg = Release|iPhoneSimulator
		{E295F174-643C-42B2-96E4-480356C69B58}.Release|iPhoneSimulator.Build.0 = Release|iPhoneSimulator
		{E295F174-643C-42B2-96E4-480356C69B58}.Release|iPhoneSimulator.Deploy.0 = Release|iPhoneSimulator
		{55D7A7EC-ADCD-44ED-8C55-6E6203200C83}.Ad-Hoc|Any CPU.ActiveCfg = Debug|Any CPU
		{55D7A7EC-ADCD-44ED-8C55-6E6203200C83}.Ad-Hoc|Any CPU.Build.0 = Debug|Any CPU
		{55D7A7EC-ADCD-44ED-8C55-6E6203200C83}.Ad-Hoc|Any CPU.Deploy.0 = Debug|Any CPU
		{55D7A7EC-ADCD-44ED-8C55-6E6203200C83}.Ad-Hoc|iPhone.ActiveCfg = Debug|Any CPU
		{55D7A7EC-ADCD-44ED-8C55-6E6203200C83}.Ad-Hoc|iPhone.Build.0 = Debug|Any CPU
		{55D7A7EC-ADCD-44ED-8C55-6E6203200C83}.Ad-Hoc|iPhone.Deploy.0 = Debug|Any CPU
		{55D7A7EC-ADCD-44ED-8C55-6E6203200C83}.Ad-Hoc|iPhoneSimulator.ActiveCfg = Debug|Any CPU
		{55D7A7EC-ADCD-44ED-8C55-6E6203200C83}.Ad-Hoc|iPhoneSimulator.Build.0 = Debug|Any CPU
		{55D7A7EC-ADCD-44ED-8C55-6E6203200C83}.Ad-Hoc|iPhoneSimulator.Deploy.0 = Debug|Any CPU
		{55D7A7EC-ADCD-44ED-8C55-6E6203200C83}.AppStore|Any CPU.ActiveCfg = Debug|Any CPU
		{55D7A7EC-ADCD-44ED-8C55-6E6203200C83}.AppStore|Any CPU.Build.0 = Debug|Any CPU
		{55D7A7EC-ADCD-44ED-8C55-6E6203200C83}.AppStore|Any CPU.Deploy.0 = Debug|Any CPU
		{55D7A7EC-ADCD-44ED-8C55-6E6203200C83}.AppStore|iPhone.ActiveCfg = Debug|Any CPU
		{55D7A7EC-ADCD-44ED-8C55-6E6203200C83}.AppStore|iPhone.Build.0 = Debug|Any CPU
		{55D7A7EC-ADCD-44ED-8C55-6E6203200C83}.AppStore|iPhone.Deploy.0 = Debug|Any CPU
		{55D7A7EC-ADCD-44ED-8C55-6E6203200C83}.AppStore|iPhoneSimulator.ActiveCfg = Debug|Any CPU
		{55D7A7EC-ADCD-44ED-8C55-6E6203200C83}.AppStore|iPhoneSimulator.Build.0 = Debug|Any CPU
		{55D7A7EC-ADCD-44ED-8C55-6E6203200C83}.AppStore|iPhoneSimulator.Deploy.0 = Debug|Any CPU
		{55D7A7EC-ADCD-44ED-8C55-6E6203200C83}.Debug|Any CPU.ActiveCfg = Debug|Any CPU
		{55D7A7EC-ADCD-44ED-8C55-6E6203200C83}.Debug|Any CPU.Build.0 = Debug|Any CPU
		{55D7A7EC-ADCD-44ED-8C55-6E6203200C83}.Debug|Any CPU.Deploy.0 = Debug|Any CPU
		{55D7A7EC-ADCD-44ED-8C55-6E6203200C83}.Debug|iPhone.ActiveCfg = Debug|Any CPU
		{55D7A7EC-ADCD-44ED-8C55-6E6203200C83}.Debug|iPhone.Build.0 = Debug|Any CPU
		{55D7A7EC-ADCD-44ED-8C55-6E6203200C83}.Debug|iPhone.Deploy.0 = Debug|Any CPU
		{55D7A7EC-ADCD-44ED-8C55-6E6203200C83}.Debug|iPhoneSimulator.ActiveCfg = Debug|Any CPU
		{55D7A7EC-ADCD-44ED-8C55-6E6203200C83}.Debug|iPhoneSimulator.Build.0 = Debug|Any CPU
		{55D7A7EC-ADCD-44ED-8C55-6E6203200C83}.Debug|iPhoneSimulator.Deploy.0 = Debug|Any CPU
		{55D7A7EC-ADCD-44ED-8C55-6E6203200C83}.Release|Any CPU.ActiveCfg = Release|Any CPU
		{55D7A7EC-ADCD-44ED-8C55-6E6203200C83}.Release|Any CPU.Build.0 = Release|Any CPU
		{55D7A7EC-ADCD-44ED-8C55-6E6203200C83}.Release|Any CPU.Deploy.0 = Release|Any CPU
		{55D7A7EC-ADCD-44ED-8C55-6E6203200C83}.Release|iPhone.ActiveCfg = Release|Any CPU
		{55D7A7EC-ADCD-44ED-8C55-6E6203200C83}.Release|iPhone.Build.0 = Release|Any CPU
		{55D7A7EC-ADCD-44ED-8C55-6E6203200C83}.Release|iPhone.Deploy.0 = Release|Any CPU
		{55D7A7EC-ADCD-44ED-8C55-6E6203200C83}.Release|iPhoneSimulator.ActiveCfg = Release|Any CPU
		{55D7A7EC-ADCD-44ED-8C55-6E6203200C83}.Release|iPhoneSimulator.Build.0 = Release|Any CPU
		{55D7A7EC-ADCD-44ED-8C55-6E6203200C83}.Release|iPhoneSimulator.Deploy.0 = Release|Any CPU
		{811E63EC-E18E-4A10-A694-90F2BE6B1B22}.Ad-Hoc|Any CPU.ActiveCfg = Debug|Any CPU
		{811E63EC-E18E-4A10-A694-90F2BE6B1B22}.Ad-Hoc|Any CPU.Build.0 = Debug|Any CPU
		{811E63EC-E18E-4A10-A694-90F2BE6B1B22}.Ad-Hoc|iPhone.ActiveCfg = Debug|Any CPU
		{811E63EC-E18E-4A10-A694-90F2BE6B1B22}.Ad-Hoc|iPhone.Build.0 = Debug|Any CPU
		{811E63EC-E18E-4A10-A694-90F2BE6B1B22}.Ad-Hoc|iPhoneSimulator.ActiveCfg = Debug|Any CPU
		{811E63EC-E18E-4A10-A694-90F2BE6B1B22}.Ad-Hoc|iPhoneSimulator.Build.0 = Debug|Any CPU
		{811E63EC-E18E-4A10-A694-90F2BE6B1B22}.AppStore|Any CPU.ActiveCfg = Debug|Any CPU
		{811E63EC-E18E-4A10-A694-90F2BE6B1B22}.AppStore|Any CPU.Build.0 = Debug|Any CPU
		{811E63EC-E18E-4A10-A694-90F2BE6B1B22}.AppStore|iPhone.ActiveCfg = Debug|Any CPU
		{811E63EC-E18E-4A10-A694-90F2BE6B1B22}.AppStore|iPhone.Build.0 = Debug|Any CPU
		{811E63EC-E18E-4A10-A694-90F2BE6B1B22}.AppStore|iPhoneSimulator.ActiveCfg = Debug|Any CPU
		{811E63EC-E18E-4A10-A694-90F2BE6B1B22}.AppStore|iPhoneSimulator.Build.0 = Debug|Any CPU
		{811E63EC-E18E-4A10-A694-90F2BE6B1B22}.Debug|Any CPU.ActiveCfg = Debug|Any CPU
		{811E63EC-E18E-4A10-A694-90F2BE6B1B22}.Debug|Any CPU.Build.0 = Debug|Any CPU
		{811E63EC-E18E-4A10-A694-90F2BE6B1B22}.Debug|iPhone.ActiveCfg = Debug|Any CPU
		{811E63EC-E18E-4A10-A694-90F2BE6B1B22}.Debug|iPhone.Build.0 = Debug|Any CPU
		{811E63EC-E18E-4A10-A694-90F2BE6B1B22}.Debug|iPhoneSimulator.ActiveCfg = Debug|Any CPU
		{811E63EC-E18E-4A10-A694-90F2BE6B1B22}.Debug|iPhoneSimulator.Build.0 = Debug|Any CPU
		{811E63EC-E18E-4A10-A694-90F2BE6B1B22}.Release|Any CPU.ActiveCfg = Release|Any CPU
		{811E63EC-E18E-4A10-A694-90F2BE6B1B22}.Release|Any CPU.Build.0 = Release|Any CPU
		{811E63EC-E18E-4A10-A694-90F2BE6B1B22}.Release|iPhone.ActiveCfg = Release|Any CPU
		{811E63EC-E18E-4A10-A694-90F2BE6B1B22}.Release|iPhone.Build.0 = Release|Any CPU
		{811E63EC-E18E-4A10-A694-90F2BE6B1B22}.Release|iPhoneSimulator.ActiveCfg = Release|Any CPU
		{811E63EC-E18E-4A10-A694-90F2BE6B1B22}.Release|iPhoneSimulator.Build.0 = Release|Any CPU
	EndGlobalSection
	GlobalSection(SolutionProperties) = preSolution
		HideSolutionNode = FALSE
	EndGlobalSection
	GlobalSection(ExtensibilityGlobals) = postSolution
		SolutionGuid = {0BA7CD0E-AD4F-4585-81B8-4780E7BB3FD4}
	EndGlobalSection
EndGlobal
